
Microsoft Visual Studio Solution File, Format Version 12.00
# Visual Studio Version 16
VisualStudioVersion = 16.0.31613.86
MinimumVisualStudioVersion = 10.0.40219.1
Project("{FAE04EC0-301F-11D3-BF4B-00C04F79EFBC}") = "memory", "memory\memory.csproj", "{468E0E97-CCF5-4934-9103-D2C21A17EA29}"
EndProject
Global
	GlobalSection(SolutionConfigurationPlatforms) = preSolution
		Debug|Any CPU = Debug|Any CPU
		Release|Any CPU = Release|Any CPU
	EndGlobalSection
	GlobalSection(ProjectConfigurationPlatforms) = postSolution
		{468E0E97-CCF5-4934-9103-D2C21A17EA29}.Debug|Any CPU.ActiveCfg = Debug|Any CPU
		{468E0E97-CCF5-4934-9103-D2C21A17EA29}.Debug|Any CPU.Build.0 = Debug|Any CPU
		{468E0E97-CCF5-4934-9103-D2C21A17EA29}.Release|Any CPU.ActiveCfg = Release|Any CPU
		{468E0E97-CCF5-4934-9103-D2C21A17EA29}.Release|Any CPU.Build.0 = Release|Any CPU
	EndGlobalSection
	GlobalSection(SolutionProperties) = preSolution
		HideSolutionNode = FALSE
	EndGlobalSection
	GlobalSection(ExtensibilityGlobals) = postSolution
		SolutionGuid = {7B98933E-17C1-44C6-B752-BC6258E6E892}
	EndGlobalSection
EndGlobal
